
Microsoft Visual Studio Solution File, Format Version 12.00
# Visual Studio Version 16
VisualStudioVersion = 16.0.32901.82
MinimumVisualStudioVersion = 10.0.40219.1
Project("{FAE04EC0-301F-11D3-BF4B-00C04F79EFBC}") = "user input", "user input\user input.csproj", "{75EC6FE5-5655-4030-BAE7-8CB7A44F07F4}"
EndProject
Global
	GlobalSection(SolutionConfigurationPlatforms) = preSolution
		Debug|Any CPU = Debug|Any CPU
		Release|Any CPU = Release|Any CPU
	EndGlobalSection
	GlobalSection(ProjectConfigurationPlatforms) = postSolution
		{75EC6FE5-5655-4030-BAE7-8CB7A44F07F4}.Debug|Any CPU.ActiveCfg = Debug|Any CPU
		{75EC6FE5-5655-4030-BAE7-8CB7A44F07F4}.Debug|Any CPU.Build.0 = Debug|Any CPU
		{75EC6FE5-5655-4030-BAE7-8CB7A44F07F4}.Release|Any CPU.ActiveCfg = Release|Any CPU
		{75EC6FE5-5655-4030-BAE7-8CB7A44F07F4}.Release|Any CPU.Build.0 = Release|Any CPU
	EndGlobalSection
	GlobalSection(SolutionProperties) = preSolution
		HideSolutionNode = FALSE
	EndGlobalSection
	GlobalSection(ExtensibilityGlobals) = postSolution
		SolutionGuid = {8E66A683-8217-4DB8-AA71-786F944D74A1}
	EndGlobalSection
EndGlobal
