
Microsoft Visual Studio Solution File, Format Version 12.00
# Visual Studio Version 16
VisualStudioVersion = 16.0.32901.82
MinimumVisualStudioVersion = 10.0.40219.1
Project("{FAE04EC0-301F-11D3-BF4B-00C04F79EFBC}") = "operator aritmatika", "operator aritmatika\operator aritmatika.csproj", "{3D87E695-8EB4-41A3-864F-A44CBFA69A15}"
EndProject
Global
	GlobalSection(SolutionConfigurationPlatforms) = preSolution
		Debug|Any CPU = Debug|Any CPU
		Release|Any CPU = Release|Any CPU
	EndGlobalSection
	GlobalSection(ProjectConfigurationPlatforms) = postSolution
		{3D87E695-8EB4-41A3-864F-A44CBFA69A15}.Debug|Any CPU.ActiveCfg = Debug|Any CPU
		{3D87E695-8EB4-41A3-864F-A44CBFA69A15}.Debug|Any CPU.Build.0 = Debug|Any CPU
		{3D87E695-8EB4-41A3-864F-A44CBFA69A15}.Release|Any CPU.ActiveCfg = Release|Any CPU
		{3D87E695-8EB4-41A3-864F-A44CBFA69A15}.Release|Any CPU.Build.0 = Release|Any CPU
	EndGlobalSection
	GlobalSection(SolutionProperties) = preSolution
		HideSolutionNode = FALSE
	EndGlobalSection
	GlobalSection(ExtensibilityGlobals) = postSolution
		SolutionGuid = {90044F3A-77B0-40B7-9373-BA9EA489862B}
	EndGlobalSection
EndGlobal
